{
  "nodes": {
    "devshell": {
      "locked": {
        "dir": "lib",
        "lastModified": 1758204313,
        "narHash": "sha256-ainbY0Oajb1HMdvy+A8QxF/P5qwcbEzJGEY5pzKdDdc=",
        "owner": "rensa-nix",
        "repo": "devshell",
        "rev": "7d0c4bc78d9f017a739b0c7eb2f4e563118353e6",
        "type": "gitlab"
      },
      "original": {
        "dir": "lib",
        "owner": "rensa-nix",
        "repo": "devshell",
        "type": "gitlab"
      }
    },
    "nix-gitlab-ci-lib": {
      "locked": {
        "dir": "lib",
        "lastModified": 1758804624,
        "narHash": "sha256-2AdxBYJKflgO7oZr1CfzyAxivDkGjvFmQpOuN6Yq128=",
        "owner": "TECHNOFAB",
        "repo": "nix-gitlab-ci",
        "rev": "d88ada2c41ae05b08d7ec644a4d222e93fff78ae",
        "type": "gitlab"
      },
      "original": {
        "dir": "lib",
        "owner": "TECHNOFAB",
        "ref": "3.0.0-alpha.3",
        "repo": "nix-gitlab-ci",
        "type": "gitlab"
      }
    },
    "nixmkdocs": {
      "locked": {
        "dir": "lib",
        "lastModified": 1757055638,
        "narHash": "sha256-KHYSkEreFe4meXzSdEbknC/HwaQSNClQkc8vzHlAsMM=",
        "owner": "TECHNOFAB",
        "repo": "nixmkdocs",
        "rev": "7840a5febdbeaf2da90babf6c94b3d0929d2bf74",
        "type": "gitlab"
      },
      "original": {
        "dir": "lib",
        "owner": "TECHNOFAB",
        "repo": "nixmkdocs",
        "type": "gitlab"
      }
    },
    "root": {
      "inputs": {
        "devshell": "devshell",
        "nix-gitlab-ci-lib": "nix-gitlab-ci-lib",
        "nixmkdocs": "nixmkdocs",
        "soonix-lib": "soonix-lib",
        "treefmt-nix": "treefmt-nix"
      }
    },
    "soonix-lib": {
      "locked": {
        "dir": "lib",
        "lastModified": 1758615778,
        "narHash": "sha256-tggru+siXlLcLUjHtMojkJJWTS/8I3gm8nhnlz+qrTo=",
        "owner": "TECHNOFAB",
        "repo": "soonix",
        "rev": "e04b71c07413251dcb52036b4a51c6c7c0dca2ad",
        "type": "gitlab"
      },
      "original": {
        "dir": "lib",
        "owner": "TECHNOFAB",
        "repo": "soonix",
        "type": "gitlab"
      }
    },
    "treefmt-nix": {
      "flake": false,
      "locked": {
        "lastModified": 1758728421,
        "narHash": "sha256-ySNJ008muQAds2JemiyrWYbwbG+V7S5wg3ZVKGHSFu8=",
        "owner": "numtide",
        "repo": "treefmt-nix",
        "rev": "5eda4ee8121f97b218f7cc73f5172098d458f1d1",
        "type": "github"
      },
      "original": {
        "owner": "numtide",
        "repo": "treefmt-nix",
        "type": "github"
      }
    }
  },
  "root": "root",
  "version": 7
}
